// !$*UTF8*$!
{
	archiveVersion = 1;
	classes = {
	};
	objectVersion = 56;
	objects = {

/* Begin PBXBuildFile section */
		6B2EE936E1DDE6483BE25615 /* Pods_NAV.framework in Frameworks */ = {isa = PBXBuildFile; fileRef = 35C2D5C91D47082988228A6D /* Pods_NAV.framework */; };
		8F7A6D5ADDEE6FD9E83B272F /* Pods_NAV_NAVUITests.framework in Frameworks */ = {isa = PBXBuildFile; fileRef = C6620F384D9DEF0169306A8F /* Pods_NAV_NAVUITests.framework */; };
		E3F0710B8428F3B09AE82AFC /* Pods_NAVTests.framework in Frameworks */ = {isa = PBXBuildFile; fileRef = 50E68F6D3DA9C0ACD43FCA29 /* Pods_NAVTests.framework */; };
		FA02C04029CA710D00EC1599 /* FTSQuestionaire.swift in Sources */ = {isa = PBXBuildFile; fileRef = FA02C03F29CA710D00EC1599 /* FTSQuestionaire.swift */; };
		FA0A518229A2B40C008473E1 /* ExerciseInfo.swift in Sources */ = {isa = PBXBuildFile; fileRef = FA0A518129A2B40C008473E1 /* ExerciseInfo.swift */; };
		FA0F01AE29C38EF1000BE7AB /* AccountVC.swift in Sources */ = {isa = PBXBuildFile; fileRef = FA0F01AD29C38EF1000BE7AB /* AccountVC.swift */; };
		FA0F01B029C3977F000BE7AB /* SkillTreeVC.swift in Sources */ = {isa = PBXBuildFile; fileRef = FA0F01AF29C3977F000BE7AB /* SkillTreeVC.swift */; };
		FA11C3032995AD23002034D3 /* QuestionaireVC.swift in Sources */ = {isa = PBXBuildFile; fileRef = FA11C3022995AD23002034D3 /* QuestionaireVC.swift */; };
		FA11C3052995AD5C002034D3 /* HomeVC.swift in Sources */ = {isa = PBXBuildFile; fileRef = FA11C3042995AD5C002034D3 /* HomeVC.swift */; };
		FA11C30B2995ADF3002034D3 /* PreviewWorkoutVC.swift in Sources */ = {isa = PBXBuildFile; fileRef = FA11C30A2995ADF3002034D3 /* PreviewWorkoutVC.swift */; };
		FA15397C2997199200174051 /* GoogleService-Info.plist in Resources */ = {isa = PBXBuildFile; fileRef = FA15397B2997199200174051 /* GoogleService-Info.plist */; };
		FA3DE97229A94838000A267E /* databasePaths.swift in Sources */ = {isa = PBXBuildFile; fileRef = FA3DE97129A94838000A267E /* databasePaths.swift */; };
		FA41D3C229BE458A002D35E3 /* SetRepGeneration.swift in Sources */ = {isa = PBXBuildFile; fileRef = FA41D3C129BE458A002D35E3 /* SetRepGeneration.swift */; };
		FA46E6AD29BA887300FCA1A0 /* MoreExerciseDetails.swift in Sources */ = {isa = PBXBuildFile; fileRef = FA46E6AC29BA887300FCA1A0 /* MoreExerciseDetails.swift */; };
		FA6352F429DC56D100E367E9 /* ProgramMaker.swift in Sources */ = {isa = PBXBuildFile; fileRef = FA6352F329DC56D100E367E9 /* ProgramMaker.swift */; };
		FA69112729E5DEB30075695D /* CurrentWorkoutVC.swift in Sources */ = {isa = PBXBuildFile; fileRef = FA69112629E5DEB30075695D /* CurrentWorkoutVC.swift */; };
		FA69112A29E5F7EB0075695D /* CurrentWorkoutTableViewCell.swift in Sources */ = {isa = PBXBuildFile; fileRef = FA69112829E5F7EB0075695D /* CurrentWorkoutTableViewCell.swift */; };
		FA69112B29E5F7EB0075695D /* CurrentWorkoutTableViewCell.xib in Resources */ = {isa = PBXBuildFile; fileRef = FA69112929E5F7EB0075695D /* CurrentWorkoutTableViewCell.xib */; };
		FA6AAA2829930F3B005EFD5A /* AppDelegate.swift in Sources */ = {isa = PBXBuildFile; fileRef = FA6AAA2729930F3B005EFD5A /* AppDelegate.swift */; };
		FA6AAA2A29930F3B005EFD5A /* SceneDelegate.swift in Sources */ = {isa = PBXBuildFile; fileRef = FA6AAA2929930F3B005EFD5A /* SceneDelegate.swift */; };
		FA6AAA2C29930F3B005EFD5A /* LoginVC.swift in Sources */ = {isa = PBXBuildFile; fileRef = FA6AAA2B29930F3B005EFD5A /* LoginVC.swift */; };
		FA6AAA2F29930F3B005EFD5A /* Main.storyboard in Resources */ = {isa = PBXBuildFile; fileRef = FA6AAA2D29930F3B005EFD5A /* Main.storyboard */; };
		FA6AAA3129930F3B005EFD5A /* Assets.xcassets in Resources */ = {isa = PBXBuildFile; fileRef = FA6AAA3029930F3B005EFD5A /* Assets.xcassets */; };
		FA6AAA3429930F3B005EFD5A /* LaunchScreen.storyboard in Resources */ = {isa = PBXBuildFile; fileRef = FA6AAA3229930F3B005EFD5A /* LaunchScreen.storyboard */; };
		FA6AAA3F29930F3C005EFD5A /* NAVTests.swift in Sources */ = {isa = PBXBuildFile; fileRef = FA6AAA3E29930F3C005EFD5A /* NAVTests.swift */; };
		FA6AAA4929930F3C005EFD5A /* NAVUITests.swift in Sources */ = {isa = PBXBuildFile; fileRef = FA6AAA4829930F3C005EFD5A /* NAVUITests.swift */; };
		FA6AAA4B29930F3C005EFD5A /* NAVUITestsLaunchTests.swift in Sources */ = {isa = PBXBuildFile; fileRef = FA6AAA4A29930F3C005EFD5A /* NAVUITestsLaunchTests.swift */; };
		FA8395B629E493C800ACA154 /* BasicInfoSetupVC.swift in Sources */ = {isa = PBXBuildFile; fileRef = FA8395B529E493C800ACA154 /* BasicInfoSetupVC.swift */; };
		FA8CF06D29985E6700D68DA1 /* RegisterVC.swift in Sources */ = {isa = PBXBuildFile; fileRef = FA8CF06C29985E6700D68DA1 /* RegisterVC.swift */; };
		FA8CF06F29985F9600D68DA1 /* SignInVC.swift in Sources */ = {isa = PBXBuildFile; fileRef = FA8CF06E29985F9600D68DA1 /* SignInVC.swift */; };
		FABA4CB029B1319400AE2FA5 /* PreviewExerciseTableViewCell.swift in Sources */ = {isa = PBXBuildFile; fileRef = FABA4CAE29B1319400AE2FA5 /* PreviewExerciseTableViewCell.swift */; };
		FABA4CB129B1319400AE2FA5 /* PreviewExerciseTableViewCell.xib in Resources */ = {isa = PBXBuildFile; fileRef = FABA4CAF29B1319400AE2FA5 /* PreviewExerciseTableViewCell.xib */; };
		FABA4CB329B1394200AE2FA5 /* ProgramOutline.swift in Sources */ = {isa = PBXBuildFile; fileRef = FABA4CB229B1394200AE2FA5 /* ProgramOutline.swift */; };
		FACF9D6729E73BA1009C3348 /* FinishedWorkoutVC.swift in Sources */ = {isa = PBXBuildFile; fileRef = FACF9D6629E73BA1009C3348 /* FinishedWorkoutVC.swift */; };
		FAF202B629C37B9300C53A30 /* AppContainerVC.swift in Sources */ = {isa = PBXBuildFile; fileRef = FAF202B529C37B9300C53A30 /* AppContainerVC.swift */; };
		FAF202B829C37C4200C53A30 /* SignInManager.swift in Sources */ = {isa = PBXBuildFile; fileRef = FAF202B729C37C4200C53A30 /* SignInManager.swift */; };
/* End PBXBuildFile section */

/* Begin PBXContainerItemProxy section */
		FA6AAA3B29930F3C005EFD5A /* PBXContainerItemProxy */ = {
			isa = PBXContainerItemProxy;
			containerPortal = FA6AAA1C29930F3B005EFD5A /* Project object */;
			proxyType = 1;
			remoteGlobalIDString = FA6AAA2329930F3B005EFD5A;
			remoteInfo = NAV;
		};
		FA6AAA4529930F3C005EFD5A /* PBXContainerItemProxy */ = {
			isa = PBXContainerItemProxy;
			containerPortal = FA6AAA1C29930F3B005EFD5A /* Project object */;
			proxyType = 1;
			remoteGlobalIDString = FA6AAA2329930F3B005EFD5A;
			remoteInfo = NAV;
		};
/* End PBXContainerItemProxy section */

/* Begin PBXFileReference section */
		35C2D5C91D47082988228A6D /* Pods_NAV.framework */ = {isa = PBXFileReference; explicitFileType = wrapper.framework; includeInIndex = 0; path = Pods_NAV.framework; sourceTree = BUILT_PRODUCTS_DIR; };
		3784CDCB12E51A5083BB0016 /* Pods-NAVTests.release.xcconfig */ = {isa = PBXFileReference; includeInIndex = 1; lastKnownFileType = text.xcconfig; name = "Pods-NAVTests.release.xcconfig"; path = "Target Support Files/Pods-NAVTests/Pods-NAVTests.release.xcconfig"; sourceTree = "<group>"; };
		50E68F6D3DA9C0ACD43FCA29 /* Pods_NAVTests.framework */ = {isa = PBXFileReference; explicitFileType = wrapper.framework; includeInIndex = 0; path = Pods_NAVTests.framework; sourceTree = BUILT_PRODUCTS_DIR; };
		747D5FD134760DEE80F478CC /* Pods-NAV.release.xcconfig */ = {isa = PBXFileReference; includeInIndex = 1; lastKnownFileType = text.xcconfig; name = "Pods-NAV.release.xcconfig"; path = "Target Support Files/Pods-NAV/Pods-NAV.release.xcconfig"; sourceTree = "<group>"; };
		9AE698B9BB19EC8A04A7832C /* Pods-NAVTests.debug.xcconfig */ = {isa = PBXFileReference; includeInIndex = 1; lastKnownFileType = text.xcconfig; name = "Pods-NAVTests.debug.xcconfig"; path = "Target Support Files/Pods-NAVTests/Pods-NAVTests.debug.xcconfig"; sourceTree = "<group>"; };
		C6620F384D9DEF0169306A8F /* Pods_NAV_NAVUITests.framework */ = {isa = PBXFileReference; explicitFileType = wrapper.framework; includeInIndex = 0; path = Pods_NAV_NAVUITests.framework; sourceTree = BUILT_PRODUCTS_DIR; };
		E002E08CEB15A4EA57CED3E9 /* Pods-NAV-NAVUITests.release.xcconfig */ = {isa = PBXFileReference; includeInIndex = 1; lastKnownFileType = text.xcconfig; name = "Pods-NAV-NAVUITests.release.xcconfig"; path = "Target Support Files/Pods-NAV-NAVUITests/Pods-NAV-NAVUITests.release.xcconfig"; sourceTree = "<group>"; };
		E09075073D2D09F65D7D71C2 /* Pods-NAV-NAVUITests.debug.xcconfig */ = {isa = PBXFileReference; includeInIndex = 1; lastKnownFileType = text.xcconfig; name = "Pods-NAV-NAVUITests.debug.xcconfig"; path = "Target Support Files/Pods-NAV-NAVUITests/Pods-NAV-NAVUITests.debug.xcconfig"; sourceTree = "<group>"; };
		EEBC4D25D7B96FF00A54E8F4 /* Pods-NAV.debug.xcconfig */ = {isa = PBXFileReference; includeInIndex = 1; lastKnownFileType = text.xcconfig; name = "Pods-NAV.debug.xcconfig"; path = "Target Support Files/Pods-NAV/Pods-NAV.debug.xcconfig"; sourceTree = "<group>"; };
		FA02C03F29CA710D00EC1599 /* FTSQuestionaire.swift */ = {isa = PBXFileReference; lastKnownFileType = sourcecode.swift; path = FTSQuestionaire.swift; sourceTree = "<group>"; };
		FA0A518129A2B40C008473E1 /* ExerciseInfo.swift */ = {isa = PBXFileReference; lastKnownFileType = sourcecode.swift; path = ExerciseInfo.swift; sourceTree = "<group>"; };
		FA0F01AD29C38EF1000BE7AB /* AccountVC.swift */ = {isa = PBXFileReference; lastKnownFileType = sourcecode.swift; path = AccountVC.swift; sourceTree = "<group>"; };
		FA0F01AF29C3977F000BE7AB /* SkillTreeVC.swift */ = {isa = PBXFileReference; lastKnownFileType = sourcecode.swift; path = SkillTreeVC.swift; sourceTree = "<group>"; };
		FA11C3022995AD23002034D3 /* QuestionaireVC.swift */ = {isa = PBXFileReference; lastKnownFileType = sourcecode.swift; path = QuestionaireVC.swift; sourceTree = "<group>"; };
		FA11C3042995AD5C002034D3 /* HomeVC.swift */ = {isa = PBXFileReference; lastKnownFileType = sourcecode.swift; path = HomeVC.swift; sourceTree = "<group>"; };
		FA11C30A2995ADF3002034D3 /* PreviewWorkoutVC.swift */ = {isa = PBXFileReference; lastKnownFileType = sourcecode.swift; path = PreviewWorkoutVC.swift; sourceTree = "<group>"; };
		FA15397B2997199200174051 /* GoogleService-Info.plist */ = {isa = PBXFileReference; fileEncoding = 4; lastKnownFileType = text.plist.xml; path = "GoogleService-Info.plist"; sourceTree = "<group>"; };
		FA3DE97129A94838000A267E /* databasePaths.swift */ = {isa = PBXFileReference; lastKnownFileType = sourcecode.swift; path = databasePaths.swift; sourceTree = "<group>"; };
		FA41D3C129BE458A002D35E3 /* SetRepGeneration.swift */ = {isa = PBXFileReference; lastKnownFileType = sourcecode.swift; path = SetRepGeneration.swift; sourceTree = "<group>"; };
		FA46E6AC29BA887300FCA1A0 /* MoreExerciseDetails.swift */ = {isa = PBXFileReference; lastKnownFileType = sourcecode.swift; path = MoreExerciseDetails.swift; sourceTree = "<group>"; };
		FA6352F329DC56D100E367E9 /* ProgramMaker.swift */ = {isa = PBXFileReference; lastKnownFileType = sourcecode.swift; path = ProgramMaker.swift; sourceTree = "<group>"; };
		FA69112629E5DEB30075695D /* CurrentWorkoutVC.swift */ = {isa = PBXFileReference; lastKnownFileType = sourcecode.swift; path = CurrentWorkoutVC.swift; sourceTree = "<group>"; };
		FA69112829E5F7EB0075695D /* CurrentWorkoutTableViewCell.swift */ = {isa = PBXFileReference; lastKnownFileType = sourcecode.swift; path = CurrentWorkoutTableViewCell.swift; sourceTree = "<group>"; };
		FA69112929E5F7EB0075695D /* CurrentWorkoutTableViewCell.xib */ = {isa = PBXFileReference; lastKnownFileType = file.xib; path = CurrentWorkoutTableViewCell.xib; sourceTree = "<group>"; };
		FA6AAA2429930F3B005EFD5A /* NAV.app */ = {isa = PBXFileReference; explicitFileType = wrapper.application; includeInIndex = 0; path = NAV.app; sourceTree = BUILT_PRODUCTS_DIR; };
		FA6AAA2729930F3B005EFD5A /* AppDelegate.swift */ = {isa = PBXFileReference; lastKnownFileType = sourcecode.swift; path = AppDelegate.swift; sourceTree = "<group>"; };
		FA6AAA2929930F3B005EFD5A /* SceneDelegate.swift */ = {isa = PBXFileReference; lastKnownFileType = sourcecode.swift; path = SceneDelegate.swift; sourceTree = "<group>"; };
		FA6AAA2B29930F3B005EFD5A /* LoginVC.swift */ = {isa = PBXFileReference; lastKnownFileType = sourcecode.swift; path = LoginVC.swift; sourceTree = "<group>"; };
		FA6AAA2E29930F3B005EFD5A /* Base */ = {isa = PBXFileReference; lastKnownFileType = file.storyboard; name = Base; path = Base.lproj/Main.storyboard; sourceTree = "<group>"; };
		FA6AAA3029930F3B005EFD5A /* Assets.xcassets */ = {isa = PBXFileReference; lastKnownFileType = folder.assetcatalog; path = Assets.xcassets; sourceTree = "<group>"; };
		FA6AAA3329930F3B005EFD5A /* Base */ = {isa = PBXFileReference; lastKnownFileType = file.storyboard; name = Base; path = Base.lproj/LaunchScreen.storyboard; sourceTree = "<group>"; };
		FA6AAA3529930F3B005EFD5A /* Info.plist */ = {isa = PBXFileReference; lastKnownFileType = text.plist.xml; path = Info.plist; sourceTree = "<group>"; };
		FA6AAA3A29930F3C005EFD5A /* NAVTests.xctest */ = {isa = PBXFileReference; explicitFileType = wrapper.cfbundle; includeInIndex = 0; path = NAVTests.xctest; sourceTree = BUILT_PRODUCTS_DIR; };
		FA6AAA3E29930F3C005EFD5A /* NAVTests.swift */ = {isa = PBXFileReference; lastKnownFileType = sourcecode.swift; path = NAVTests.swift; sourceTree = "<group>"; };
		FA6AAA4429930F3C005EFD5A /* NAVUITests.xctest */ = {isa = PBXFileReference; explicitFileType = wrapper.cfbundle; includeInIndex = 0; path = NAVUITests.xctest; sourceTree = BUILT_PRODUCTS_DIR; };
		FA6AAA4829930F3C005EFD5A /* NAVUITests.swift */ = {isa = PBXFileReference; lastKnownFileType = sourcecode.swift; path = NAVUITests.swift; sourceTree = "<group>"; };
		FA6AAA4A29930F3C005EFD5A /* NAVUITestsLaunchTests.swift */ = {isa = PBXFileReference; lastKnownFileType = sourcecode.swift; path = NAVUITestsLaunchTests.swift; sourceTree = "<group>"; };
		FA8395B529E493C800ACA154 /* BasicInfoSetupVC.swift */ = {isa = PBXFileReference; lastKnownFileType = sourcecode.swift; path = BasicInfoSetupVC.swift; sourceTree = "<group>"; };
		FA8CF06C29985E6700D68DA1 /* RegisterVC.swift */ = {isa = PBXFileReference; lastKnownFileType = sourcecode.swift; path = RegisterVC.swift; sourceTree = "<group>"; };
		FA8CF06E29985F9600D68DA1 /* SignInVC.swift */ = {isa = PBXFileReference; lastKnownFileType = sourcecode.swift; path = SignInVC.swift; sourceTree = "<group>"; };
		FABA4CAE29B1319400AE2FA5 /* PreviewExerciseTableViewCell.swift */ = {isa = PBXFileReference; lastKnownFileType = sourcecode.swift; path = PreviewExerciseTableViewCell.swift; sourceTree = "<group>"; };
		FABA4CAF29B1319400AE2FA5 /* PreviewExerciseTableViewCell.xib */ = {isa = PBXFileReference; lastKnownFileType = file.xib; path = PreviewExerciseTableViewCell.xib; sourceTree = "<group>"; };
		FABA4CB229B1394200AE2FA5 /* ProgramOutline.swift */ = {isa = PBXFileReference; lastKnownFileType = sourcecode.swift; path = ProgramOutline.swift; sourceTree = "<group>"; };
		FACF9D6629E73BA1009C3348 /* FinishedWorkoutVC.swift */ = {isa = PBXFileReference; lastKnownFileType = sourcecode.swift; path = FinishedWorkoutVC.swift; sourceTree = "<group>"; };
		FAF202B529C37B9300C53A30 /* AppContainerVC.swift */ = {isa = PBXFileReference; lastKnownFileType = sourcecode.swift; path = AppContainerVC.swift; sourceTree = "<group>"; };
		FAF202B729C37C4200C53A30 /* SignInManager.swift */ = {isa = PBXFileReference; lastKnownFileType = sourcecode.swift; path = SignInManager.swift; sourceTree = "<group>"; };
/* End PBXFileReference section */

/* Begin PBXFrameworksBuildPhase section */
		FA6AAA2129930F3B005EFD5A /* Frameworks */ = {
			isa = PBXFrameworksBuildPhase;
			buildActionMask = 2147483647;
			files = (
				6B2EE936E1DDE6483BE25615 /* Pods_NAV.framework in Frameworks */,
			);
			runOnlyForDeploymentPostprocessing = 0;
		};
		FA6AAA3729930F3C005EFD5A /* Frameworks */ = {
			isa = PBXFrameworksBuildPhase;
			buildActionMask = 2147483647;
			files = (
				E3F0710B8428F3B09AE82AFC /* Pods_NAVTests.framework in Frameworks */,
			);
			runOnlyForDeploymentPostprocessing = 0;
		};
		FA6AAA4129930F3C005EFD5A /* Frameworks */ = {
			isa = PBXFrameworksBuildPhase;
			buildActionMask = 2147483647;
			files = (
				8F7A6D5ADDEE6FD9E83B272F /* Pods_NAV_NAVUITests.framework in Frameworks */,
			);
			runOnlyForDeploymentPostprocessing = 0;
		};
/* End PBXFrameworksBuildPhase section */

/* Begin PBXGroup section */
		9869F81F15DACD3668F6EB57 /* Pods */ = {
			isa = PBXGroup;
			children = (
				EEBC4D25D7B96FF00A54E8F4 /* Pods-NAV.debug.xcconfig */,
				747D5FD134760DEE80F478CC /* Pods-NAV.release.xcconfig */,
				E09075073D2D09F65D7D71C2 /* Pods-NAV-NAVUITests.debug.xcconfig */,
				E002E08CEB15A4EA57CED3E9 /* Pods-NAV-NAVUITests.release.xcconfig */,
				9AE698B9BB19EC8A04A7832C /* Pods-NAVTests.debug.xcconfig */,
				3784CDCB12E51A5083BB0016 /* Pods-NAVTests.release.xcconfig */,
			);
			path = Pods;
			sourceTree = "<group>";
		};
		FA11C2FF2995AB1B002034D3 /* Controller */ = {
			isa = PBXGroup;
			children = (
				FA65D96E29E785D200BF12C9 /* Auto Sign In Manager */,
				FA65D96C29E7856A00BF12C9 /* Registration.Login */,
				FA11C3042995AD5C002034D3 /* HomeVC.swift */,
				FA0F01AD29C38EF1000BE7AB /* AccountVC.swift */,
				FA65D96B29E7855500BF12C9 /* Current Workout Path */,
				FA65D96D29E785AA00BF12C9 /* Preview Workout Path */,
				FA0F01AF29C3977F000BE7AB /* SkillTreeVC.swift */,
				FA6352F329DC56D100E367E9 /* ProgramMaker.swift */,
			);
			path = Controller;
			sourceTree = "<group>";
		};
		FA11C3002995AB28002034D3 /* View */ = {
			isa = PBXGroup;
			children = (
				FA6AAA2D29930F3B005EFD5A /* Main.storyboard */,
			);
			path = View;
			sourceTree = "<group>";
		};
		FA11C3012995AB44002034D3 /* Model */ = {
			isa = PBXGroup;
			children = (
				FA65D96F29E7862800BF12C9 /* Table View Cells */,
				FA3DE97129A94838000A267E /* databasePaths.swift */,
				FA0A518129A2B40C008473E1 /* ExerciseInfo.swift */,
				FABA4CB229B1394200AE2FA5 /* ProgramOutline.swift */,
				FA41D3C129BE458A002D35E3 /* SetRepGeneration.swift */,
				FA02C03F29CA710D00EC1599 /* FTSQuestionaire.swift */,
			);
			path = Model;
			sourceTree = "<group>";
		};
		FA65D96B29E7855500BF12C9 /* Current Workout Path */ = {
			isa = PBXGroup;
			children = (
				FA69112629E5DEB30075695D /* CurrentWorkoutVC.swift */,
				FACF9D6629E73BA1009C3348 /* FinishedWorkoutVC.swift */,
			);
			path = "Current Workout Path";
			sourceTree = "<group>";
		};
		FA65D96C29E7856A00BF12C9 /* Registration.Login */ = {
			isa = PBXGroup;
			children = (
				FA8CF06C29985E6700D68DA1 /* RegisterVC.swift */,
				FA8395B529E493C800ACA154 /* BasicInfoSetupVC.swift */,
				FA11C3022995AD23002034D3 /* QuestionaireVC.swift */,
				FA6AAA2B29930F3B005EFD5A /* LoginVC.swift */,
			);
			path = Registration.Login;
			sourceTree = "<group>";
		};
		FA65D96D29E785AA00BF12C9 /* Preview Workout Path */ = {
			isa = PBXGroup;
			children = (
				FA11C30A2995ADF3002034D3 /* PreviewWorkoutVC.swift */,
				FA46E6AC29BA887300FCA1A0 /* MoreExerciseDetails.swift */,
			);
			path = "Preview Workout Path";
			sourceTree = "<group>";
		};
		FA65D96E29E785D200BF12C9 /* Auto Sign In Manager */ = {
			isa = PBXGroup;
			children = (
				FAF202B529C37B9300C53A30 /* AppContainerVC.swift */,
				FA8CF06E29985F9600D68DA1 /* SignInVC.swift */,
				FAF202B729C37C4200C53A30 /* SignInManager.swift */,
			);
			path = "Auto Sign In Manager";
			sourceTree = "<group>";
		};
		FA65D96F29E7862800BF12C9 /* Table View Cells */ = {
			isa = PBXGroup;
			children = (
				FABA4CAE29B1319400AE2FA5 /* PreviewExerciseTableViewCell.swift */,
				FABA4CAF29B1319400AE2FA5 /* PreviewExerciseTableViewCell.xib */,
				FA69112829E5F7EB0075695D /* CurrentWorkoutTableViewCell.swift */,
				FA69112929E5F7EB0075695D /* CurrentWorkoutTableViewCell.xib */,
			);
			path = "Table View Cells";
			sourceTree = "<group>";
		};
		FA6AAA1B29930F3B005EFD5A = {
			isa = PBXGroup;
			children = (
				FA6AAA2629930F3B005EFD5A /* NAV */,
				FA6AAA3D29930F3C005EFD5A /* NAVTests */,
				FA6AAA4729930F3C005EFD5A /* NAVUITests */,
				FA6AAA2529930F3B005EFD5A /* Products */,
				9869F81F15DACD3668F6EB57 /* Pods */,
				FDEC3F734F63A9B9E4857FCB /* Frameworks */,
			);
			sourceTree = "<group>";
		};
		FA6AAA2529930F3B005EFD5A /* Products */ = {
			isa = PBXGroup;
			children = (
				FA6AAA2429930F3B005EFD5A /* NAV.app */,
				FA6AAA3A29930F3C005EFD5A /* NAVTests.xctest */,
				FA6AAA4429930F3C005EFD5A /* NAVUITests.xctest */,
			);
			name = Products;
			sourceTree = "<group>";
		};
		FA6AAA2629930F3B005EFD5A /* NAV */ = {
			isa = PBXGroup;
			children = (
				FA11C3012995AB44002034D3 /* Model */,
				FA11C3002995AB28002034D3 /* View */,
				FA11C2FF2995AB1B002034D3 /* Controller */,
				FA6AAA2729930F3B005EFD5A /* AppDelegate.swift */,
				FA6AAA2929930F3B005EFD5A /* SceneDelegate.swift */,
				FA6AAA3029930F3B005EFD5A /* Assets.xcassets */,
				FA6AAA3229930F3B005EFD5A /* LaunchScreen.storyboard */,
				FA6AAA3529930F3B005EFD5A /* Info.plist */,
				FA15397B2997199200174051 /* GoogleService-Info.plist */,
			);
			path = NAV;
			sourceTree = "<group>";
		};
		FA6AAA3D29930F3C005EFD5A /* NAVTests */ = {
			isa = PBXGroup;
			children = (
				FA6AAA3E29930F3C005EFD5A /* NAVTests.swift */,
			);
			path = NAVTests;
			sourceTree = "<group>";
		};
		FA6AAA4729930F3C005EFD5A /* NAVUITests */ = {
			isa = PBXGroup;
			children = (
				FA6AAA4829930F3C005EFD5A /* NAVUITests.swift */,
				FA6AAA4A29930F3C005EFD5A /* NAVUITestsLaunchTests.swift */,
			);
			path = NAVUITests;
			sourceTree = "<group>";
		};
		FDEC3F734F63A9B9E4857FCB /* Frameworks */ = {
			isa = PBXGroup;
			children = (
				35C2D5C91D47082988228A6D /* Pods_NAV.framework */,
				C6620F384D9DEF0169306A8F /* Pods_NAV_NAVUITests.framework */,
				50E68F6D3DA9C0ACD43FCA29 /* Pods_NAVTests.framework */,
			);
			name = Frameworks;
			sourceTree = "<group>";
		};
/* End PBXGroup section */

/* Begin PBXNativeTarget section */
		FA6AAA2329930F3B005EFD5A /* NAV */ = {
			isa = PBXNativeTarget;
			buildConfigurationList = FA6AAA4E29930F3C005EFD5A /* Build configuration list for PBXNativeTarget "NAV" */;
			buildPhases = (
				6302A903FAD28567D209046B /* [CP] Check Pods Manifest.lock */,
				FA6AAA2029930F3B005EFD5A /* Sources */,
				FA6AAA2129930F3B005EFD5A /* Frameworks */,
				FA6AAA2229930F3B005EFD5A /* Resources */,
				E0C5A2511B837DB469B604B2 /* [CP] Embed Pods Frameworks */,
			);
			buildRules = (
			);
			dependencies = (
			);
			name = NAV;
			productName = NAV;
			productReference = FA6AAA2429930F3B005EFD5A /* NAV.app */;
			productType = "com.apple.product-type.application";
		};
		FA6AAA3929930F3C005EFD5A /* NAVTests */ = {
			isa = PBXNativeTarget;
			buildConfigurationList = FA6AAA5129930F3C005EFD5A /* Build configuration list for PBXNativeTarget "NAVTests" */;
			buildPhases = (
				3C17C05BF8693D490E492038 /* [CP] Check Pods Manifest.lock */,
				FA6AAA3629930F3C005EFD5A /* Sources */,
				FA6AAA3729930F3C005EFD5A /* Frameworks */,
				FA6AAA3829930F3C005EFD5A /* Resources */,
			);
			buildRules = (
			);
			dependencies = (
				FA6AAA3C29930F3C005EFD5A /* PBXTargetDependency */,
			);
			name = NAVTests;
			productName = NAVTests;
			productReference = FA6AAA3A29930F3C005EFD5A /* NAVTests.xctest */;
			productType = "com.apple.product-type.bundle.unit-test";
		};
		FA6AAA4329930F3C005EFD5A /* NAVUITests */ = {
			isa = PBXNativeTarget;
			buildConfigurationList = FA6AAA5429930F3C005EFD5A /* Build configuration list for PBXNativeTarget "NAVUITests" */;
			buildPhases = (
				A907D53F97F79E6D4E1D4828 /* [CP] Check Pods Manifest.lock */,
				FA6AAA4029930F3C005EFD5A /* Sources */,
				FA6AAA4129930F3C005EFD5A /* Frameworks */,
				FA6AAA4229930F3C005EFD5A /* Resources */,
				268A82447D495DCE6825E3B0 /* [CP] Embed Pods Frameworks */,
			);
			buildRules = (
			);
			dependencies = (
				FA6AAA4629930F3C005EFD5A /* PBXTargetDependency */,
			);
			name = NAVUITests;
			productName = NAVUITests;
			productReference = FA6AAA4429930F3C005EFD5A /* NAVUITests.xctest */;
			productType = "com.apple.product-type.bundle.ui-testing";
		};
/* End PBXNativeTarget section */

/* Begin PBXProject section */
		FA6AAA1C29930F3B005EFD5A /* Project object */ = {
			isa = PBXProject;
			attributes = {
				BuildIndependentTargetsInParallel = 1;
				LastSwiftUpdateCheck = 1420;
				LastUpgradeCheck = 1420;
				TargetAttributes = {
					FA6AAA2329930F3B005EFD5A = {
						CreatedOnToolsVersion = 14.2;
					};
					FA6AAA3929930F3C005EFD5A = {
						CreatedOnToolsVersion = 14.2;
						TestTargetID = FA6AAA2329930F3B005EFD5A;
					};
					FA6AAA4329930F3C005EFD5A = {
						CreatedOnToolsVersion = 14.2;
						TestTargetID = FA6AAA2329930F3B005EFD5A;
					};
				};
			};
			buildConfigurationList = FA6AAA1F29930F3B005EFD5A /* Build configuration list for PBXProject "NAV" */;
			compatibilityVersion = "Xcode 14.0";
			developmentRegion = en;
			hasScannedForEncodings = 0;
			knownRegions = (
				en,
				Base,
			);
			mainGroup = FA6AAA1B29930F3B005EFD5A;
			productRefGroup = FA6AAA2529930F3B005EFD5A /* Products */;
			projectDirPath = "";
			projectRoot = "";
			targets = (
				FA6AAA2329930F3B005EFD5A /* NAV */,
				FA6AAA3929930F3C005EFD5A /* NAVTests */,
				FA6AAA4329930F3C005EFD5A /* NAVUITests */,
			);
		};
/* End PBXProject section */

/* Begin PBXResourcesBuildPhase section */
		FA6AAA2229930F3B005EFD5A /* Resources */ = {
			isa = PBXResourcesBuildPhase;
			buildActionMask = 2147483647;
			files = (
				FA6AAA3429930F3B005EFD5A /* LaunchScreen.storyboard in Resources */,
				FA15397C2997199200174051 /* GoogleService-Info.plist in Resources */,
				FABA4CB129B1319400AE2FA5 /* PreviewExerciseTableViewCell.xib in Resources */,
				FA69112B29E5F7EB0075695D /* CurrentWorkoutTableViewCell.xib in Resources */,
				FA6AAA3129930F3B005EFD5A /* Assets.xcassets in Resources */,
				FA6AAA2F29930F3B005EFD5A /* Main.storyboard in Resources */,
			);
			runOnlyForDeploymentPostprocessing = 0;
		};
		FA6AAA3829930F3C005EFD5A /* Resources */ = {
			isa = PBXResourcesBuildPhase;
			buildActionMask = 2147483647;
			files = (
			);
			runOnlyForDeploymentPostprocessing = 0;
		};
		FA6AAA4229930F3C005EFD5A /* Resources */ = {
			isa = PBXResourcesBuildPhase;
			buildActionMask = 2147483647;
			files = (
			);
			runOnlyForDeploymentPostprocessing = 0;
		};
/* End PBXResourcesBuildPhase section */

/* Begin PBXShellScriptBuildPhase section */
		268A82447D495DCE6825E3B0 /* [CP] Embed Pods Frameworks */ = {
			isa = PBXShellScriptBuildPhase;
			buildActionMask = 2147483647;
			files = (
			);
			inputFileListPaths = (
				"${PODS_ROOT}/Target Support Files/Pods-NAV-NAVUITests/Pods-NAV-NAVUITests-frameworks-${CONFIGURATION}-input-files.xcfilelist",
			);
			name = "[CP] Embed Pods Frameworks";
			outputFileListPaths = (
				"${PODS_ROOT}/Target Support Files/Pods-NAV-NAVUITests/Pods-NAV-NAVUITests-frameworks-${CONFIGURATION}-output-files.xcfilelist",
			);
			runOnlyForDeploymentPostprocessing = 0;
			shellPath = /bin/sh;
			shellScript = "\"${PODS_ROOT}/Target Support Files/Pods-NAV-NAVUITests/Pods-NAV-NAVUITests-frameworks.sh\"\n";
			showEnvVarsInLog = 0;
		};
		3C17C05BF8693D490E492038 /* [CP] Check Pods Manifest.lock */ = {
			isa = PBXShellScriptBuildPhase;
			buildActionMask = 2147483647;
			files = (
			);
			inputFileListPaths = (
			);
			inputPaths = (
				"${PODS_PODFILE_DIR_PATH}/Podfile.lock",
				"${PODS_ROOT}/Manifest.lock",
			);
			name = "[CP] Check Pods Manifest.lock";
			outputFileListPaths = (
			);
			outputPaths = (
				"$(DERIVED_FILE_DIR)/Pods-NAVTests-checkManifestLockResult.txt",
			);
			runOnlyForDeploymentPostprocessing = 0;
			shellPath = /bin/sh;
			shellScript = "diff \"${PODS_PODFILE_DIR_PATH}/Podfile.lock\" \"${PODS_ROOT}/Manifest.lock\" > /dev/null\nif [ $? != 0 ] ; then\n    # print error to STDERR\n    echo \"error: The sandbox is not in sync with the Podfile.lock. Run 'pod install' or update your CocoaPods installation.\" >&2\n    exit 1\nfi\n# This output is used by Xcode 'outputs' to avoid re-running this script phase.\necho \"SUCCESS\" > \"${SCRIPT_OUTPUT_FILE_0}\"\n";
			showEnvVarsInLog = 0;
		};
		6302A903FAD28567D209046B /* [CP] Check Pods Manifest.lock */ = {
			isa = PBXShellScriptBuildPhase;
			buildActionMask = 2147483647;
			files = (
			);
			inputFileListPaths = (
			);
			inputPaths = (
				"${PODS_PODFILE_DIR_PATH}/Podfile.lock",
				"${PODS_ROOT}/Manifest.lock",
			);
			name = "[CP] Check Pods Manifest.lock";
			outputFileListPaths = (
			);
			outputPaths = (
				"$(DERIVED_FILE_DIR)/Pods-NAV-checkManifestLockResult.txt",
			);
			runOnlyForDeploymentPostprocessing = 0;
			shellPath = /bin/sh;
			shellScript = "diff \"${PODS_PODFILE_DIR_PATH}/Podfile.lock\" \"${PODS_ROOT}/Manifest.lock\" > /dev/null\nif [ $? != 0 ] ; then\n    # print error to STDERR\n    echo \"error: The sandbox is not in sync with the Podfile.lock. Run 'pod install' or update your CocoaPods installation.\" >&2\n    exit 1\nfi\n# This output is used by Xcode 'outputs' to avoid re-running this script phase.\necho \"SUCCESS\" > \"${SCRIPT_OUTPUT_FILE_0}\"\n";
			showEnvVarsInLog = 0;
		};
		A907D53F97F79E6D4E1D4828 /* [CP] Check Pods Manifest.lock */ = {
			isa = PBXShellScriptBuildPhase;
			buildActionMask = 2147483647;
			files = (
			);
			inputFileListPaths = (
			);
			inputPaths = (
				"${PODS_PODFILE_DIR_PATH}/Podfile.lock",
				"${PODS_ROOT}/Manifest.lock",
			);
			name = "[CP] Check Pods Manifest.lock";
			outputFileListPaths = (
			);
			outputPaths = (
				"$(DERIVED_FILE_DIR)/Pods-NAV-NAVUITests-checkManifestLockResult.txt",
			);
			runOnlyForDeploymentPostprocessing = 0;
			shellPath = /bin/sh;
			shellScript = "diff \"${PODS_PODFILE_DIR_PATH}/Podfile.lock\" \"${PODS_ROOT}/Manifest.lock\" > /dev/null\nif [ $? != 0 ] ; then\n    # print error to STDERR\n    echo \"error: The sandbox is not in sync with the Podfile.lock. Run 'pod install' or update your CocoaPods installation.\" >&2\n    exit 1\nfi\n# This output is used by Xcode 'outputs' to avoid re-running this script phase.\necho \"SUCCESS\" > \"${SCRIPT_OUTPUT_FILE_0}\"\n";
			showEnvVarsInLog = 0;
		};
		E0C5A2511B837DB469B604B2 /* [CP] Embed Pods Frameworks */ = {
			isa = PBXShellScriptBuildPhase;
			buildActionMask = 2147483647;
			files = (
			);
			inputFileListPaths = (
				"${PODS_ROOT}/Target Support Files/Pods-NAV/Pods-NAV-frameworks-${CONFIGURATION}-input-files.xcfilelist",
			);
			name = "[CP] Embed Pods Frameworks";
			outputFileListPaths = (
				"${PODS_ROOT}/Target Support Files/Pods-NAV/Pods-NAV-frameworks-${CONFIGURATION}-output-files.xcfilelist",
			);
			runOnlyForDeploymentPostprocessing = 0;
			shellPath = /bin/sh;
			shellScript = "\"${PODS_ROOT}/Target Support Files/Pods-NAV/Pods-NAV-frameworks.sh\"\n";
			showEnvVarsInLog = 0;
		};
/* End PBXShellScriptBuildPhase section */

/* Begin PBXSourcesBuildPhase section */
		FA6AAA2029930F3B005EFD5A /* Sources */ = {
			isa = PBXSourcesBuildPhase;
			buildActionMask = 2147483647;
			files = (
				FA69112729E5DEB30075695D /* CurrentWorkoutVC.swift in Sources */,
				FA11C30B2995ADF3002034D3 /* PreviewWorkoutVC.swift in Sources */,
				FA8395B629E493C800ACA154 /* BasicInfoSetupVC.swift in Sources */,
				FA6AAA2C29930F3B005EFD5A /* LoginVC.swift in Sources */,
				FA69112A29E5F7EB0075695D /* CurrentWorkoutTableViewCell.swift in Sources */,
				FA0F01AE29C38EF1000BE7AB /* AccountVC.swift in Sources */,
				FA41D3C229BE458A002D35E3 /* SetRepGeneration.swift in Sources */,
				FA11C3052995AD5C002034D3 /* HomeVC.swift in Sources */,
				FA0F01B029C3977F000BE7AB /* SkillTreeVC.swift in Sources */,
				FAF202B629C37B9300C53A30 /* AppContainerVC.swift in Sources */,
				FABA4CB029B1319400AE2FA5 /* PreviewExerciseTableViewCell.swift in Sources */,
				FA6AAA2829930F3B005EFD5A /* AppDelegate.swift in Sources */,
				FA46E6AD29BA887300FCA1A0 /* MoreExerciseDetails.swift in Sources */,
				FACF9D6729E73BA1009C3348 /* FinishedWorkoutVC.swift in Sources */,
				FABA4CB329B1394200AE2FA5 /* ProgramOutline.swift in Sources */,
				FA8CF06F29985F9600D68DA1 /* SignInVC.swift in Sources */,
				FA11C3032995AD23002034D3 /* QuestionaireVC.swift in Sources */,
				FAF202B829C37C4200C53A30 /* SignInManager.swift in Sources */,
				FA0A518229A2B40C008473E1 /* ExerciseInfo.swift in Sources */,
				FA6352F429DC56D100E367E9 /* ProgramMaker.swift in Sources */,
				FA6AAA2A29930F3B005EFD5A /* SceneDelegate.swift in Sources */,
				FA8CF06D29985E6700D68DA1 /* RegisterVC.swift in Sources */,
				FA02C04029CA710D00EC1599 /* FTSQuestionaire.swift in Sources */,
				FA3DE97229A94838000A267E /* databasePaths.swift in Sources */,
			);
			runOnlyForDeploymentPostprocessing = 0;
		};
		FA6AAA3629930F3C005EFD5A /* Sources */ = {
			isa = PBXSourcesBuildPhase;
			buildActionMask = 2147483647;
			files = (
				FA6AAA3F29930F3C005EFD5A /* NAVTests.swift in Sources */,
			);
			runOnlyForDeploymentPostprocessing = 0;
		};
		FA6AAA4029930F3C005EFD5A /* Sources */ = {
			isa = PBXSourcesBuildPhase;
			buildActionMask = 2147483647;
			files = (
				FA6AAA4B29930F3C005EFD5A /* NAVUITestsLaunchTests.swift in Sources */,
				FA6AAA4929930F3C005EFD5A /* NAVUITests.swift in Sources */,
			);
			runOnlyForDeploymentPostprocessing = 0;
		};
/* End PBXSourcesBuildPhase section */

/* Begin PBXTargetDependency section */
		FA6AAA3C29930F3C005EFD5A /* PBXTargetDependency */ = {
			isa = PBXTargetDependency;
			target = FA6AAA2329930F3B005EFD5A /* NAV */;
			targetProxy = FA6AAA3B29930F3C005EFD5A /* PBXContainerItemProxy */;
		};
		FA6AAA4629930F3C005EFD5A /* PBXTargetDependency */ = {
			isa = PBXTargetDependency;
			target = FA6AAA2329930F3B005EFD5A /* NAV */;
			targetProxy = FA6AAA4529930F3C005EFD5A /* PBXContainerItemProxy */;
		};
/* End PBXTargetDependency section */

/* Begin PBXVariantGroup section */
		FA6AAA2D29930F3B005EFD5A /* Main.storyboard */ = {
			isa = PBXVariantGroup;
			children = (
				FA6AAA2E29930F3B005EFD5A /* Base */,
			);
			name = Main.storyboard;
			sourceTree = "<group>";
		};
		FA6AAA3229930F3B005EFD5A /* LaunchScreen.storyboard */ = {
			isa = PBXVariantGroup;
			children = (
				FA6AAA3329930F3B005EFD5A /* Base */,
			);
			name = LaunchScreen.storyboard;
			sourceTree = "<group>";
		};
/* End PBXVariantGroup section */

/* Begin XCBuildConfiguration section */
		FA6AAA4C29930F3C005EFD5A /* Debug */ = {
			isa = XCBuildConfiguration;
			buildSettings = {
				ALWAYS_SEARCH_USER_PATHS = NO;
				CLANG_ANALYZER_NONNULL = YES;
				CLANG_ANALYZER_NUMBER_OBJECT_CONVERSION = YES_AGGRESSIVE;
				CLANG_CXX_LANGUAGE_STANDARD = "gnu++20";
				CLANG_ENABLE_MODULES = YES;
				CLANG_ENABLE_OBJC_ARC = YES;
				CLANG_ENABLE_OBJC_WEAK = YES;
				CLANG_WARN_BLOCK_CAPTURE_AUTORELEASING = YES;
				CLANG_WARN_BOOL_CONVERSION = YES;
				CLANG_WARN_COMMA = YES;
				CLANG_WARN_CONSTANT_CONVERSION = YES;
				CLANG_WARN_DEPRECATED_OBJC_IMPLEMENTATIONS = YES;
				CLANG_WARN_DIRECT_OBJC_ISA_USAGE = YES_ERROR;
				CLANG_WARN_DOCUMENTATION_COMMENTS = YES;
				CLANG_WARN_EMPTY_BODY = YES;
				CLANG_WARN_ENUM_CONVERSION = YES;
				CLANG_WARN_INFINITE_RECURSION = YES;
				CLANG_WARN_INT_CONVERSION = YES;
				CLANG_WARN_NON_LITERAL_NULL_CONVERSION = YES;
				CLANG_WARN_OBJC_IMPLICIT_RETAIN_SELF = YES;
				CLANG_WARN_OBJC_LITERAL_CONVERSION = YES;
				CLANG_WARN_OBJC_ROOT_CLASS = YES_ERROR;
				CLANG_WARN_QUOTED_INCLUDE_IN_FRAMEWORK_HEADER = YES;
				CLANG_WARN_RANGE_LOOP_ANALYSIS = YES;
				CLANG_WARN_STRICT_PROTOTYPES = YES;
				CLANG_WARN_SUSPICIOUS_MOVE = YES;
				CLANG_WARN_UNGUARDED_AVAILABILITY = YES_AGGRESSIVE;
				CLANG_WARN_UNREACHABLE_CODE = YES;
				CLANG_WARN__DUPLICATE_METHOD_MATCH = YES;
				COPY_PHASE_STRIP = NO;
				DEBUG_INFORMATION_FORMAT = dwarf;
				ENABLE_STRICT_OBJC_MSGSEND = YES;
				ENABLE_TESTABILITY = YES;
				GCC_C_LANGUAGE_STANDARD = gnu11;
				GCC_DYNAMIC_NO_PIC = NO;
				GCC_NO_COMMON_BLOCKS = YES;
				GCC_OPTIMIZATION_LEVEL = 0;
				GCC_PREPROCESSOR_DEFINITIONS = (
					"DEBUG=1",
					"$(inherited)",
				);
				GCC_WARN_64_TO_32_BIT_CONVERSION = YES;
				GCC_WARN_ABOUT_RETURN_TYPE = YES_ERROR;
				GCC_WARN_UNDECLARED_SELECTOR = YES;
				GCC_WARN_UNINITIALIZED_AUTOS = YES_AGGRESSIVE;
				GCC_WARN_UNUSED_FUNCTION = YES;
				GCC_WARN_UNUSED_VARIABLE = YES;
				IPHONEOS_DEPLOYMENT_TARGET = 16.2;
				MTL_ENABLE_DEBUG_INFO = INCLUDE_SOURCE;
				MTL_FAST_MATH = YES;
				ONLY_ACTIVE_ARCH = YES;
				SDKROOT = iphoneos;
				SWIFT_ACTIVE_COMPILATION_CONDITIONS = DEBUG;
				SWIFT_OPTIMIZATION_LEVEL = "-Onone";
			};
			name = Debug;
		};
		FA6AAA4D29930F3C005EFD5A /* Release */ = {
			isa = XCBuildConfiguration;
			buildSettings = {
				ALWAYS_SEARCH_USER_PATHS = NO;
				CLANG_ANALYZER_NONNULL = YES;
				CLANG_ANALYZER_NUMBER_OBJECT_CONVERSION = YES_AGGRESSIVE;
				CLANG_CXX_LANGUAGE_STANDARD = "gnu++20";
				CLANG_ENABLE_MODULES = YES;
				CLANG_ENABLE_OBJC_ARC = YES;
				CLANG_ENABLE_OBJC_WEAK = YES;
				CLANG_WARN_BLOCK_CAPTURE_AUTORELEASING = YES;
				CLANG_WARN_BOOL_CONVERSION = YES;
				CLANG_WARN_COMMA = YES;
				CLANG_WARN_CONSTANT_CONVERSION = YES;
				CLANG_WARN_DEPRECATED_OBJC_IMPLEMENTATIONS = YES;
				CLANG_WARN_DIRECT_OBJC_ISA_USAGE = YES_ERROR;
				CLANG_WARN_DOCUMENTATION_COMMENTS = YES;
				CLANG_WARN_EMPTY_BODY = YES;
				CLANG_WARN_ENUM_CONVERSION = YES;
				CLANG_WARN_INFINITE_RECURSION = YES;
				CLANG_WARN_INT_CONVERSION = YES;
				CLANG_WARN_NON_LITERAL_NULL_CONVERSION = YES;
				CLANG_WARN_OBJC_IMPLICIT_RETAIN_SELF = YES;
				CLANG_WARN_OBJC_LITERAL_CONVERSION = YES;
				CLANG_WARN_OBJC_ROOT_CLASS = YES_ERROR;
				CLANG_WARN_QUOTED_INCLUDE_IN_FRAMEWORK_HEADER = YES;
				CLANG_WARN_RANGE_LOOP_ANALYSIS = YES;
				CLANG_WARN_STRICT_PROTOTYPES = YES;
				CLANG_WARN_SUSPICIOUS_MOVE = YES;
				CLANG_WARN_UNGUARDED_AVAILABILITY = YES_AGGRESSIVE;
				CLANG_WARN_UNREACHABLE_CODE = YES;
				CLANG_WARN__DUPLICATE_METHOD_MATCH = YES;
				COPY_PHASE_STRIP = NO;
				DEBUG_INFORMATION_FORMAT = "dwarf-with-dsym";
				ENABLE_NS_ASSERTIONS = NO;
				ENABLE_STRICT_OBJC_MSGSEND = YES;
				GCC_C_LANGUAGE_STANDARD = gnu11;
				GCC_NO_COMMON_BLOCKS = YES;
				GCC_WARN_64_TO_32_BIT_CONVERSION = YES;
				GCC_WARN_ABOUT_RETURN_TYPE = YES_ERROR;
				GCC_WARN_UNDECLARED_SELECTOR = YES;
				GCC_WARN_UNINITIALIZED_AUTOS = YES_AGGRESSIVE;
				GCC_WARN_UNUSED_FUNCTION = YES;
				GCC_WARN_UNUSED_VARIABLE = YES;
				IPHONEOS_DEPLOYMENT_TARGET = 16.2;
				MTL_ENABLE_DEBUG_INFO = NO;
				MTL_FAST_MATH = YES;
				SDKROOT = iphoneos;
				SWIFT_COMPILATION_MODE = wholemodule;
				SWIFT_OPTIMIZATION_LEVEL = "-O";
				VALIDATE_PRODUCT = YES;
			};
			name = Release;
		};
		FA6AAA4F29930F3C005EFD5A /* Debug */ = {
			isa = XCBuildConfiguration;
			baseConfigurationReference = EEBC4D25D7B96FF00A54E8F4 /* Pods-NAV.debug.xcconfig */;
			buildSettings = {
				ASSETCATALOG_COMPILER_APPICON_NAME = AppIcon;
				ASSETCATALOG_COMPILER_GLOBAL_ACCENT_COLOR_NAME = AccentColor;
				CODE_SIGN_STYLE = Automatic;
				CURRENT_PROJECT_VERSION = 1;
				DEVELOPMENT_TEAM = HW4F2LS5MJ;
				GENERATE_INFOPLIST_FILE = YES;
				INFOPLIST_FILE = NAV/Info.plist;
				INFOPLIST_KEY_LSApplicationCategoryType = "public.app-category.healthcare-fitness";
				INFOPLIST_KEY_UIApplicationSupportsIndirectInputEvents = YES;
				INFOPLIST_KEY_UILaunchStoryboardName = LaunchScreen;
				INFOPLIST_KEY_UIMainStoryboardFile = Main;
				INFOPLIST_KEY_UISupportedInterfaceOrientations_iPad = "UIInterfaceOrientationPortrait UIInterfaceOrientationPortraitUpsideDown UIInterfaceOrientationLandscapeLeft UIInterfaceOrientationLandscapeRight";
				INFOPLIST_KEY_UISupportedInterfaceOrientations_iPhone = "UIInterfaceOrientationPortrait UIInterfaceOrientationLandscapeLeft UIInterfaceOrientationLandscapeRight";
				LD_RUNPATH_SEARCH_PATHS = (
					"$(inherited)",
					"@executable_path/Frameworks",
				);
				MARKETING_VERSION = 1.0;
				PRODUCT_BUNDLE_IDENTIFIER = com.mistorchen.NAV;
				PRODUCT_NAME = "$(TARGET_NAME)";
				SWIFT_EMIT_LOC_STRINGS = YES;
				SWIFT_VERSION = 5.0;
				TARGETED_DEVICE_FAMILY = "1,2";
			};
			name = Debug;
		};
		FA6AAA5029930F3C005EFD5A /* Release */ = {
			isa = XCBuildConfiguration;
			baseConfigurationReference = 747D5FD134760DEE80F478CC /* Pods-NAV.release.xcconfig */;
			buildSettings = {
				ASSETCATALOG_COMPILER_APPICON_NAME = AppIcon;
				ASSETCATALOG_COMPILER_GLOBAL_ACCENT_COLOR_NAME = AccentColor;
				CODE_SIGN_STYLE = Automatic;
				CURRENT_PROJECT_VERSION = 1;
				DEVELOPMENT_TEAM = HW4F2LS5MJ;
				GENERATE_INFOPLIST_FILE = YES;
				INFOPLIST_FILE = NAV/Info.plist;
				INFOPLIST_KEY_LSApplicationCategoryType = "public.app-category.healthcare-fitness";
				INFOPLIST_KEY_UIApplicationSupportsIndirectInputEvents = YES;
				INFOPLIST_KEY_UILaunchStoryboardName = LaunchScreen;
				INFOPLIST_KEY_UIMainStoryboardFile = Main;
				INFOPLIST_KEY_UISupportedInterfaceOrientations_iPad = "UIInterfaceOrientationPortrait UIInterfaceOrientationPortraitUpsideDown UIInterfaceOrientationLandscapeLeft UIInterfaceOrientationLandscapeRight";
				INFOPLIST_KEY_UISupportedInterfaceOrientations_iPhone = "UIInterfaceOrientationPortrait UIInterfaceOrientationLandscapeLeft UIInterfaceOrientationLandscapeRight";
				LD_RUNPATH_SEARCH_PATHS = (
					"$(inherited)",
					"@executable_path/Frameworks",
				);
				MARKETING_VERSION = 1.0;
				PRODUCT_BUNDLE_IDENTIFIER = com.mistorchen.NAV;
				PRODUCT_NAME = "$(TARGET_NAME)";
				SWIFT_EMIT_LOC_STRINGS = YES;
				SWIFT_VERSION = 5.0;
				TARGETED_DEVICE_FAMILY = "1,2";
			};
			name = Release;
		};
		FA6AAA5229930F3C005EFD5A /* Debug */ = {
			isa = XCBuildConfiguration;
			baseConfigurationReference = 9AE698B9BB19EC8A04A7832C /* Pods-NAVTests.debug.xcconfig */;
			buildSettings = {
				ALWAYS_EMBED_SWIFT_STANDARD_LIBRARIES = YES;
				BUNDLE_LOADER = "$(TEST_HOST)";
				CODE_SIGN_STYLE = Automatic;
				CURRENT_PROJECT_VERSION = 1;
				DEVELOPMENT_TEAM = HW4F2LS5MJ;
				GENERATE_INFOPLIST_FILE = YES;
				IPHONEOS_DEPLOYMENT_TARGET = 16.2;
				MARKETING_VERSION = 1.0;
				PRODUCT_BUNDLE_IDENTIFIER = com.mistorchen.NAVTests;
				PRODUCT_NAME = "$(TARGET_NAME)";
				SWIFT_EMIT_LOC_STRINGS = NO;
				SWIFT_VERSION = 5.0;
				TARGETED_DEVICE_FAMILY = "1,2";
				TEST_HOST = "$(BUILT_PRODUCTS_DIR)/NAV.app/$(BUNDLE_EXECUTABLE_FOLDER_PATH)/NAV";
			};
			name = Debug;
		};
		FA6AAA5329930F3C005EFD5A /* Release */ = {
			isa = XCBuildConfiguration;
			baseConfigurationReference = 3784CDCB12E51A5083BB0016 /* Pods-NAVTests.release.xcconfig */;
			buildSettings = {
				ALWAYS_EMBED_SWIFT_STANDARD_LIBRARIES = YES;
				BUNDLE_LOADER = "$(TEST_HOST)";
				CODE_SIGN_STYLE = Automatic;
				CURRENT_PROJECT_VERSION = 1;
				DEVELOPMENT_TEAM = HW4F2LS5MJ;
				GENERATE_INFOPLIST_FILE = YES;
				IPHONEOS_DEPLOYMENT_TARGET = 16.2;
				MARKETING_VERSION = 1.0;
				PRODUCT_BUNDLE_IDENTIFIER = com.mistorchen.NAVTests;
				PRODUCT_NAME = "$(TARGET_NAME)";
				SWIFT_EMIT_LOC_STRINGS = NO;
				SWIFT_VERSION = 5.0;
				TARGETED_DEVICE_FAMILY = "1,2";
				TEST_HOST = "$(BUILT_PRODUCTS_DIR)/NAV.app/$(BUNDLE_EXECUTABLE_FOLDER_PATH)/NAV";
			};
			name = Release;
		};
		FA6AAA5529930F3C005EFD5A /* Debug */ = {
			isa = XCBuildConfiguration;
			baseConfigurationReference = E09075073D2D09F65D7D71C2 /* Pods-NAV-NAVUITests.debug.xcconfig */;
			buildSettings = {
				ALWAYS_EMBED_SWIFT_STANDARD_LIBRARIES = YES;
				CODE_SIGN_STYLE = Automatic;
				CURRENT_PROJECT_VERSION = 1;
				DEVELOPMENT_TEAM = HW4F2LS5MJ;
				GENERATE_INFOPLIST_FILE = YES;
				MARKETING_VERSION = 1.0;
				PRODUCT_BUNDLE_IDENTIFIER = com.mistorchen.NAVUITests;
				PRODUCT_NAME = "$(TARGET_NAME)";
				SWIFT_EMIT_LOC_STRINGS = NO;
				SWIFT_VERSION = 5.0;
				TARGETED_DEVICE_FAMILY = "1,2";
				TEST_TARGET_NAME = NAV;
			};
			name = Debug;
		};
		FA6AAA5629930F3C005EFD5A /* Release */ = {
			isa = XCBuildConfiguration;
			baseConfigurationReference = E002E08CEB15A4EA57CED3E9 /* Pods-NAV-NAVUITests.release.xcconfig */;
			buildSettings = {
				ALWAYS_EMBED_SWIFT_STANDARD_LIBRARIES = YES;
				CODE_SIGN_STYLE = Automatic;
				CURRENT_PROJECT_VERSION = 1;
				DEVELOPMENT_TEAM = HW4F2LS5MJ;
				GENERATE_INFOPLIST_FILE = YES;
				MARKETING_VERSION = 1.0;
				PRODUCT_BUNDLE_IDENTIFIER = com.mistorchen.NAVUITests;
				PRODUCT_NAME = "$(TARGET_NAME)";
				SWIFT_EMIT_LOC_STRINGS = NO;
				SWIFT_VERSION = 5.0;
				TARGETED_DEVICE_FAMILY = "1,2";
				TEST_TARGET_NAME = NAV;
			};
			name = Release;
		};
/* End XCBuildConfiguration section */

/* Begin XCConfigurationList section */
		FA6AAA1F29930F3B005EFD5A /* Build configuration list for PBXProject "NAV" */ = {
			isa = XCConfigurationList;
			buildConfigurations = (
				FA6AAA4C29930F3C005EFD5A /* Debug */,
				FA6AAA4D29930F3C005EFD5A /* Release */,
			);
			defaultConfigurationIsVisible = 0;
			defaultConfigurationName = Release;
		};
		FA6AAA4E29930F3C005EFD5A /* Build configuration list for PBXNativeTarget "NAV" */ = {
			isa = XCConfigurationList;
			buildConfigurations = (
				FA6AAA4F29930F3C005EFD5A /* Debug */,
				FA6AAA5029930F3C005EFD5A /* Release */,
			);
			defaultConfigurationIsVisible = 0;
			defaultConfigurationName = Release;
		};
		FA6AAA5129930F3C005EFD5A /* Build configuration list for PBXNativeTarget "NAVTests" */ = {
			isa = XCConfigurationList;
			buildConfigurations = (
				FA6AAA5229930F3C005EFD5A /* Debug */,
				FA6AAA5329930F3C005EFD5A /* Release */,
			);
			defaultConfigurationIsVisible = 0;
			defaultConfigurationName = Release;
		};
		FA6AAA5429930F3C005EFD5A /* Build configuration list for PBXNativeTarget "NAVUITests" */ = {
			isa = XCConfigurationList;
			buildConfigurations = (
				FA6AAA5529930F3C005EFD5A /* Debug */,
				FA6AAA5629930F3C005EFD5A /* Release */,
			);
			defaultConfigurationIsVisible = 0;
			defaultConfigurationName = Release;
		};
/* End XCConfigurationList section */
	};
	rootObject = FA6AAA1C29930F3B005EFD5A /* Project object */;
}
